
Microsoft Visual Studio Solution File, Format Version 12.00
# Visual Studio Version 17
VisualStudioVersion = 17.4.33122.133
MinimumVisualStudioVersion = 10.0.40219.1
Project("{FAE04EC0-301F-11D3-BF4B-00C04F79EFBC}") = "Kolomieiets_722-a_2_Project_1", "Kolomieiets_722-a_2_Project_1.csproj", "{B054D0E6-B2BD-4F38-BFE6-9B45591006DC}"
EndProject
Global
	GlobalSection(SolutionConfigurationPlatforms) = preSolution
		Debug|Any CPU = Debug|Any CPU
		Release|Any CPU = Release|Any CPU
	EndGlobalSection
	GlobalSection(ProjectConfigurationPlatforms) = postSolution
		{B054D0E6-B2BD-4F38-BFE6-9B45591006DC}.Debug|Any CPU.ActiveCfg = Debug|Any CPU
		{B054D0E6-B2BD-4F38-BFE6-9B45591006DC}.Debug|Any CPU.Build.0 = Debug|Any CPU
		{B054D0E6-B2BD-4F38-BFE6-9B45591006DC}.Release|Any CPU.ActiveCfg = Release|Any CPU
		{B054D0E6-B2BD-4F38-BFE6-9B45591006DC}.Release|Any CPU.Build.0 = Release|Any CPU
	EndGlobalSection
	GlobalSection(SolutionProperties) = preSolution
		HideSolutionNode = FALSE
	EndGlobalSection
	GlobalSection(ExtensibilityGlobals) = postSolution
		SolutionGuid = {DAF8FB66-BDFC-4C6C-BDB7-7173F2D30A6D}
	EndGlobalSection
EndGlobal
